# THIS IS AN AUTOGENERATED FILE. DO NOT EDIT THIS FILE DIRECTLY.
# yarn lockfile v1


flow-interfaces-chrome@^0.3.2:
  version "0.3.2"
  resolved "https://registry.yarnpkg.com/flow-interfaces-chrome/-/flow-interfaces-chrome-0.3.2.tgz#1c5301dd0b0f4c1c391c944c1e27304e8d8ca1c5"

jquery@^3.2.1:
  version "3.2.1"
  resolved "https://registry.yarnpkg.com/jquery/-/jquery-3.2.1.tgz#5c4d9de652af6cd0a770154a631bba12b015c787"
